github.com/jokruger/gobu v1.0.2 h1:G+1WC2upW5+7h89ZqNw7B2APTupcGozQk8c4CjVAe2M=
github.com/jokruger/gobu v1.0.2/go.mod h1:1z+VCrmOY7WS8/xbObhTOenftYGXLK1uD83gDsC2Twc=
github.com/jokruger/gobu v1.0.3 h1:rQ/KKEpGI8P0vVG4jicyzXcAPrrxi9wI3urhKD693X8=
github.com/jokruger/gobu v1.0.3/go.mod h1:1z+VCrmOY7WS8/xbObhTOenftYGXLK1uD83gDsC2Twc=
github.com/jokruger/gobu v1.0.4 h1:NC+b9KgLBr66EQsMHz57cZonhQXLLV25li+HLx2bOOA=
github.com/jokruger/gobu v1.0.4/go.mod h1:1z+VCrmOY7WS8/xbObhTOenftYGXLK1uD83gDsC2Twc=
